
Microsoft Visual Studio Solution File, Format Version 12.00
# Visual Studio Version 17
VisualStudioVersion = 17.0.31903.59
MinimumVisualStudioVersion = 10.0.40219.1
Project("{FAE04EC0-301F-11D3-BF4B-00C04F79EFBC}") = "CedarClerk.Server", "CedarClerk.Server\CedarClerk.Server.csproj", "{44723AAF-DB33-483D-9846-774C8F47C4DC}"
EndProject
Project("{FAE04EC0-301F-11D3-BF4B-00C04F79EFBC}") = "CedarClerk.Core", "CedarClerk.Core\CedarClerk.Core.csproj", "{CB728B26-B0EB-4C3D-AA2A-29986C496C7E}"
EndProject
Project("{FAE04EC0-301F-11D3-BF4B-00C04F79EFBC}") = "CedarClerk.Tests", "CedarClerk.Tests\CedarClerk.Tests.csproj", "{25F32E89-B627-43CC-B31D-A3CC7A1530CA}"
EndProject
Global
	GlobalSection(SolutionConfigurationPlatforms) = preSolution
		Debug|Any CPU = Debug|Any CPU
		Debug|x64 = Debug|x64
		Debug|x86 = Debug|x86
		Release|Any CPU = Release|Any CPU
		Release|x64 = Release|x64
		Release|x86 = Release|x86
	EndGlobalSection
	GlobalSection(ProjectConfigurationPlatforms) = postSolution
		{44723AAF-DB33-483D-9846-774C8F47C4DC}.Debug|Any CPU.ActiveCfg = Debug|Any CPU
		{44723AAF-DB33-483D-9846-774C8F47C4DC}.Debug|Any CPU.Build.0 = Debug|Any CPU
		{44723AAF-DB33-483D-9846-774C8F47C4DC}.Debug|x64.ActiveCfg = Debug|Any CPU
		{44723AAF-DB33-483D-9846-774C8F47C4DC}.Debug|x64.Build.0 = Debug|Any CPU
		{44723AAF-DB33-483D-9846-774C8F47C4DC}.Debug|x86.ActiveCfg = Debug|Any CPU
		{44723AAF-DB33-483D-9846-774C8F47C4DC}.Debug|x86.Build.0 = Debug|Any CPU
		{44723AAF-DB33-483D-9846-774C8F47C4DC}.Release|Any CPU.ActiveCfg = Release|Any CPU
		{44723AAF-DB33-483D-9846-774C8F47C4DC}.Release|Any CPU.Build.0 = Release|Any CPU
		{44723AAF-DB33-483D-9846-774C8F47C4DC}.Release|x64.ActiveCfg = Release|Any CPU
		{44723AAF-DB33-483D-9846-774C8F47C4DC}.Release|x64.Build.0 = Release|Any CPU
		{44723AAF-DB33-483D-9846-774C8F47C4DC}.Release|x86.ActiveCfg = Release|Any CPU
		{44723AAF-DB33-483D-9846-774C8F47C4DC}.Release|x86.Build.0 = Release|Any CPU
		{CB728B26-B0EB-4C3D-AA2A-29986C496C7E}.Debug|Any CPU.ActiveCfg = Debug|Any CPU
		{CB728B26-B0EB-4C3D-AA2A-29986C496C7E}.Debug|Any CPU.Build.0 = Debug|Any CPU
		{CB728B26-B0EB-4C3D-AA2A-29986C496C7E}.Debug|x64.ActiveCfg = Debug|Any CPU
		{CB728B26-B0EB-4C3D-AA2A-29986C496C7E}.Debug|x64.Build.0 = Debug|Any CPU
		{CB728B26-B0EB-4C3D-AA2A-29986C496C7E}.Debug|x86.ActiveCfg = Debug|Any CPU
		{CB728B26-B0EB-4C3D-AA2A-29986C496C7E}.Debug|x86.Build.0 = Debug|Any CPU
		{CB728B26-B0EB-4C3D-AA2A-29986C496C7E}.Release|Any CPU.ActiveCfg = Release|Any CPU
		{CB728B26-B0EB-4C3D-AA2A-29986C496C7E}.Release|Any CPU.Build.0 = Release|Any CPU
		{CB728B26-B0EB-4C3D-AA2A-29986C496C7E}.Release|x64.ActiveCfg = Release|Any CPU
		{CB728B26-B0EB-4C3D-AA2A-29986C496C7E}.Release|x64.Build.0 = Release|Any CPU
		{CB728B26-B0EB-4C3D-AA2A-29986C496C7E}.Release|x86.ActiveCfg = Release|Any CPU
		{CB728B26-B0EB-4C3D-AA2A-29986C496C7E}.Release|x86.Build.0 = Release|Any CPU
		{25F32E89-B627-43CC-B31D-A3CC7A1530CA}.Debug|Any CPU.ActiveCfg = Debug|Any CPU
		{25F32E89-B627-43CC-B31D-A3CC7A1530CA}.Debug|Any CPU.Build.0 = Debug|Any CPU
		{25F32E89-B627-43CC-B31D-A3CC7A1530CA}.Debug|x64.ActiveCfg = Debug|Any CPU
		{25F32E89-B627-43CC-B31D-A3CC7A1530CA}.Debug|x64.Build.0 = Debug|Any CPU
		{25F32E89-B627-43CC-B31D-A3CC7A1530CA}.Debug|x86.ActiveCfg = Debug|Any CPU
		{25F32E89-B627-43CC-B31D-A3CC7A1530CA}.Debug|x86.Build.0 = Debug|Any CPU
		{25F32E89-B627-43CC-B31D-A3CC7A1530CA}.Release|Any CPU.ActiveCfg = Release|Any CPU
		{25F32E89-B627-43CC-B31D-A3CC7A1530CA}.Release|Any CPU.Build.0 = Release|Any CPU
		{25F32E89-B627-43CC-B31D-A3CC7A1530CA}.Release|x64.ActiveCfg = Release|Any CPU
		{25F32E89-B627-43CC-B31D-A3CC7A1530CA}.Release|x64.Build.0 = Release|Any CPU
		{25F32E89-B627-43CC-B31D-A3CC7A1530CA}.Release|x86.ActiveCfg = Release|Any CPU
		{25F32E89-B627-43CC-B31D-A3CC7A1530CA}.Release|x86.Build.0 = Release|Any CPU
	EndGlobalSection
	GlobalSection(SolutionProperties) = preSolution
		HideSolutionNode = FALSE
	EndGlobalSection
EndGlobal
